
Microsoft Visual Studio Solution File, Format Version 12.00
# Visual Studio Version 16
VisualStudioVersion = 16.0.30011.22
MinimumVisualStudioVersion = 10.0.40219.1
Project("{FAE04EC0-301F-11D3-BF4B-00C04F79EFBC}") = "hw 5-6 ReactPeopleTable", "hw 5-6 ReactPeopleTable\hw 5-6 ReactPeopleTable.csproj", "{B6CE1A2D-4AEC-4377-A5D5-BA6C1C11A9C5}"
EndProject
Global
	GlobalSection(SolutionConfigurationPlatforms) = preSolution
		Debug|Any CPU = Debug|Any CPU
		Release|Any CPU = Release|Any CPU
	EndGlobalSection
	GlobalSection(ProjectConfigurationPlatforms) = postSolution
		{B6CE1A2D-4AEC-4377-A5D5-BA6C1C11A9C5}.Debug|Any CPU.ActiveCfg = Debug|Any CPU
		{B6CE1A2D-4AEC-4377-A5D5-BA6C1C11A9C5}.Debug|Any CPU.Build.0 = Debug|Any CPU
		{B6CE1A2D-4AEC-4377-A5D5-BA6C1C11A9C5}.Release|Any CPU.ActiveCfg = Release|Any CPU
		{B6CE1A2D-4AEC-4377-A5D5-BA6C1C11A9C5}.Release|Any CPU.Build.0 = Release|Any CPU
	EndGlobalSection
	GlobalSection(SolutionProperties) = preSolution
		HideSolutionNode = FALSE
	EndGlobalSection
	GlobalSection(ExtensibilityGlobals) = postSolution
		SolutionGuid = {FC6F01D0-9013-49FA-8B7E-314C65834395}
	EndGlobalSection
EndGlobal
